// !$*UTF8*$!
{
	archiveVersion = 1;
	classes = {
	};
	objectVersion = 46;
	objects = {

/* Begin PBXBuildFile section */
		B60E702D197B77AC00276D68 /* Foundation.framework in Frameworks */ = {isa = PBXBuildFile; fileRef = B60E702C197B77AC00276D68 /* Foundation.framework */; };
		B60E702F197B77AC00276D68 /* CoreGraphics.framework in Frameworks */ = {isa = PBXBuildFile; fileRef = B60E702E197B77AC00276D68 /* CoreGraphics.framework */; };
		B60E7031197B77AC00276D68 /* UIKit.framework in Frameworks */ = {isa = PBXBuildFile; fileRef = B60E7030197B77AC00276D68 /* UIKit.framework */; };
		B60E7037197B77AC00276D68 /* InfoPlist.strings in Resources */ = {isa = PBXBuildFile; fileRef = B60E7035197B77AC00276D68 /* InfoPlist.strings */; };
		B60E7039197B77AC00276D68 /* main.m in Sources */ = {isa = PBXBuildFile; fileRef = B60E7038197B77AC00276D68 /* main.m */; };
		B60E703D197B77AC00276D68 /* AppDelegate.m in Sources */ = {isa = PBXBuildFile; fileRef = B60E703C197B77AC00276D68 /* AppDelegate.m */; };
		B60E7040197B77AC00276D68 /* Main.storyboard in Resources */ = {isa = PBXBuildFile; fileRef = B60E703E197B77AC00276D68 /* Main.storyboard */; };
		B60E7043197B77AC00276D68 /* MasterViewController.m in Sources */ = {isa = PBXBuildFile; fileRef = B60E7042197B77AC00276D68 /* MasterViewController.m */; };
		B60E7046197B77AC00276D68 /* DetailViewController.m in Sources */ = {isa = PBXBuildFile; fileRef = B60E7045197B77AC00276D68 /* DetailViewController.m */; };
		B60E7048197B77AC00276D68 /* Images.xcassets in Resources */ = {isa = PBXBuildFile; fileRef = B60E7047197B77AC00276D68 /* Images.xcassets */; };
		B60E704F197B77AC00276D68 /* XCTest.framework in Frameworks */ = {isa = PBXBuildFile; fileRef = B60E704E197B77AC00276D68 /* XCTest.framework */; };
		B60E7050197B77AC00276D68 /* Foundation.framework in Frameworks */ = {isa = PBXBuildFile; fileRef = B60E702C197B77AC00276D68 /* Foundation.framework */; };
		B60E7051197B77AC00276D68 /* UIKit.framework in Frameworks */ = {isa = PBXBuildFile; fileRef = B60E7030197B77AC00276D68 /* UIKit.framework */; };
		B60E7059197B77AC00276D68 /* InfoPlist.strings in Resources */ = {isa = PBXBuildFile; fileRef = B60E7057197B77AC00276D68 /* InfoPlist.strings */; };
		B60E705B197B77AC00276D68 /* EventCountTests.m in Sources */ = {isa = PBXBuildFile; fileRef = B60E705A197B77AC00276D68 /* EventCountTests.m */; };
		B60E7066197B77C400276D68 /* Mark.m in Sources */ = {isa = PBXBuildFile; fileRef = B60E7065197B77C400276D68 /* Mark.m */; };
		B60E7069197B78A200276D68 /* AddViewController.m in Sources */ = {isa = PBXBuildFile; fileRef = B60E7068197B78A200276D68 /* AddViewController.m */; };
		B60E706C197B78B600276D68 /* MarkStore.m in Sources */ = {isa = PBXBuildFile; fileRef = B60E706B197B78B600276D68 /* MarkStore.m */; };
		B60E706F197B796C00276D68 /* EditDateViewController.m in Sources */ = {isa = PBXBuildFile; fileRef = B60E706E197B796C00276D68 /* EditDateViewController.m */; };
/* End PBXBuildFile section */

/* Begin PBXContainerItemProxy section */
		B60E7052197B77AC00276D68 /* PBXContainerItemProxy */ = {
			isa = PBXContainerItemProxy;
			containerPortal = B60E7021197B77AC00276D68 /* Project object */;
			proxyType = 1;
			remoteGlobalIDString = B60E7028197B77AC00276D68;
			remoteInfo = EventCount;
		};
/* End PBXContainerItemProxy section */

/* Begin PBXFileReference section */
		B60E7029197B77AC00276D68 /* EventCount.app */ = {isa = PBXFileReference; explicitFileType = wrapper.application; includeInIndex = 0; path = EventCount.app; sourceTree = BUILT_PRODUCTS_DIR; };
		B60E702C197B77AC00276D68 /* Foundation.framework */ = {isa = PBXFileReference; lastKnownFileType = wrapper.framework; name = Foundation.framework; path = System/Library/Frameworks/Foundation.framework; sourceTree = SDKROOT; };
		B60E702E197B77AC00276D68 /* CoreGraphics.framework */ = {isa = PBXFileReference; lastKnownFileType = wrapper.framework; name = CoreGraphics.framework; path = System/Library/Frameworks/CoreGraphics.framework; sourceTree = SDKROOT; };
		B60E7030197B77AC00276D68 /* UIKit.framework */ = {isa = PBXFileReference; lastKnownFileType = wrapper.framework; name = UIKit.framework; path = System/Library/Frameworks/UIKit.framework; sourceTree = SDKROOT; };
		B60E7034197B77AC00276D68 /* EventCount-Info.plist */ = {isa = PBXFileReference; lastKnownFileType = text.plist.xml; path = "EventCount-Info.plist"; sourceTree = "<group>"; };
		B60E7036197B77AC00276D68 /* en */ = {isa = PBXFileReference; lastKnownFileType = text.plist.strings; name = en; path = en.lproj/InfoPlist.strings; sourceTree = "<group>"; };
		B60E7038197B77AC00276D68 /* main.m */ = {isa = PBXFileReference; lastKnownFileType = sourcecode.c.objc; path = main.m; sourceTree = "<group>"; };
		B60E703A197B77AC00276D68 /* EventCount-Prefix.pch */ = {isa = PBXFileReference; lastKnownFileType = sourcecode.c.h; path = "EventCount-Prefix.pch"; sourceTree = "<group>"; };
		B60E703B197B77AC00276D68 /* AppDelegate.h */ = {isa = PBXFileReference; lastKnownFileType = sourcecode.c.h; path = AppDelegate.h; sourceTree = "<group>"; };
		B60E703C197B77AC00276D68 /* AppDelegate.m */ = {isa = PBXFileReference; lastKnownFileType = sourcecode.c.objc; path = AppDelegate.m; sourceTree = "<group>"; };
		B60E703F197B77AC00276D68 /* Base */ = {isa = PBXFileReference; lastKnownFileType = file.storyboard; name = Base; path = Base.lproj/Main.storyboard; sourceTree = "<group>"; };
		B60E7041197B77AC00276D68 /* MasterViewController.h */ = {isa = PBXFileReference; lastKnownFileType = sourcecode.c.h; path = MasterViewController.h; sourceTree = "<group>"; };
		B60E7042197B77AC00276D68 /* MasterViewController.m */ = {isa = PBXFileReference; lastKnownFileType = sourcecode.c.objc; path = MasterViewController.m; sourceTree = "<group>"; };
		B60E7044197B77AC00276D68 /* DetailViewController.h */ = {isa = PBXFileReference; lastKnownFileType = sourcecode.c.h; path = DetailViewController.h; sourceTree = "<group>"; };
		B60E7045197B77AC00276D68 /* DetailViewController.m */ = {isa = PBXFileReference; lastKnownFileType = sourcecode.c.objc; path = DetailViewController.m; sourceTree = "<group>"; };
		B60E7047197B77AC00276D68 /* Images.xcassets */ = {isa = PBXFileReference; lastKnownFileType = folder.assetcatalog; path = Images.xcassets; sourceTree = "<group>"; };
		B60E704D197B77AC00276D68 /* EventCountTests.xctest */ = {isa = PBXFileReference; explicitFileType = wrapper.cfbundle; includeInIndex = 0; path = EventCountTests.xctest; sourceTree = BUILT_PRODUCTS_DIR; };
		B60E704E197B77AC00276D68 /* XCTest.framework */ = {isa = PBXFileReference; lastKnownFileType = wrapper.framework; name = XCTest.framework; path = Library/Frameworks/XCTest.framework; sourceTree = DEVELOPER_DIR; };
		B60E7056197B77AC00276D68 /* EventCountTests-Info.plist */ = {isa = PBXFileReference; lastKnownFileType = text.plist.xml; path = "EventCountTests-Info.plist"; sourceTree = "<group>"; };
		B60E7058197B77AC00276D68 /* en */ = {isa = PBXFileReference; lastKnownFileType = text.plist.strings; name = en; path = en.lproj/InfoPlist.strings; sourceTree = "<group>"; };
		B60E705A197B77AC00276D68 /* EventCountTests.m */ = {isa = PBXFileReference; lastKnownFileType = sourcecode.c.objc; path = EventCountTests.m; sourceTree = "<group>"; };
		B60E7064197B77C400276D68 /* Mark.h */ = {isa = PBXFileReference; fileEncoding = 4; lastKnownFileType = sourcecode.c.h; path = Mark.h; sourceTree = SOURCE_ROOT; };
		B60E7065197B77C400276D68 /* Mark.m */ = {isa = PBXFileReference; fileEncoding = 4; lastKnownFileType = sourcecode.c.objc; path = Mark.m; sourceTree = SOURCE_ROOT; };
		B60E7067197B78A200276D68 /* AddViewController.h */ = {isa = PBXFileReference; fileEncoding = 4; lastKnownFileType = sourcecode.c.h; path = AddViewController.h; sourceTree = "<group>"; };
		B60E7068197B78A200276D68 /* AddViewController.m */ = {isa = PBXFileReference; fileEncoding = 4; lastKnownFileType = sourcecode.c.objc; path = AddViewController.m; sourceTree = "<group>"; };
		B60E706A197B78B600276D68 /* MarkStore.h */ = {isa = PBXFileReference; fileEncoding = 4; lastKnownFileType = sourcecode.c.h; path = MarkStore.h; sourceTree = SOURCE_ROOT; };
		B60E706B197B78B600276D68 /* MarkStore.m */ = {isa = PBXFileReference; fileEncoding = 4; lastKnownFileType = sourcecode.c.objc; path = MarkStore.m; sourceTree = SOURCE_ROOT; };
		B60E706D197B796C00276D68 /* EditDateViewController.h */ = {isa = PBXFileReference; fileEncoding = 4; lastKnownFileType = sourcecode.c.h; path = EditDateViewController.h; sourceTree = "<group>"; };
		B60E706E197B796C00276D68 /* EditDateViewController.m */ = {isa = PBXFileReference; fileEncoding = 4; lastKnownFileType = sourcecode.c.objc; path = EditDateViewController.m; sourceTree = "<group>"; };
/* End PBXFileReference section */

/* Begin PBXFrameworksBuildPhase section */
		B60E7026197B77AC00276D68 /* Frameworks */ = {
			isa = PBXFrameworksBuildPhase;
			buildActionMask = 2147483647;
			files = (
				B60E702F197B77AC00276D68 /* CoreGraphics.framework in Frameworks */,
				B60E7031197B77AC00276D68 /* UIKit.framework in Frameworks */,
				B60E702D197B77AC00276D68 /* Foundation.framework in Frameworks */,
			);
			runOnlyForDeploymentPostprocessing = 0;
		};
		B60E704A197B77AC00276D68 /* Frameworks */ = {
			isa = PBXFrameworksBuildPhase;
			buildActionMask = 2147483647;
			files = (
				B60E704F197B77AC00276D68 /* XCTest.framework in Frameworks */,
				B60E7051197B77AC00276D68 /* UIKit.framework in Frameworks */,
				B60E7050197B77AC00276D68 /* Foundation.framework in Frameworks */,
			);
			runOnlyForDeploymentPostprocessing = 0;
		};
/* End PBXFrameworksBuildPhase section */

/* Begin PBXGroup section */
		B60E7020197B77AC00276D68 = {
			isa = PBXGroup;
			children = (
				B60E7064197B77C400276D68 /* Mark.h */,
				B60E7065197B77C400276D68 /* Mark.m */,
				B60E706A197B78B600276D68 /* MarkStore.h */,
				B60E706B197B78B600276D68 /* MarkStore.m */,
				B60E7032197B77AC00276D68 /* EventCount */,
				B60E7054197B77AC00276D68 /* EventCountTests */,
				B60E702B197B77AC00276D68 /* Frameworks */,
				B60E702A197B77AC00276D68 /* Products */,
			);
			sourceTree = "<group>";
		};
		B60E702A197B77AC00276D68 /* Products */ = {
			isa = PBXGroup;
			children = (
				B60E7029197B77AC00276D68 /* EventCount.app */,
				B60E704D197B77AC00276D68 /* EventCountTests.xctest */,
			);
			name = Products;
			sourceTree = "<group>";
		};
		B60E702B197B77AC00276D68 /* Frameworks */ = {
			isa = PBXGroup;
			children = (
				B60E702C197B77AC00276D68 /* Foundation.framework */,
				B60E702E197B77AC00276D68 /* CoreGraphics.framework */,
				B60E7030197B77AC00276D68 /* UIKit.framework */,
				B60E704E197B77AC00276D68 /* XCTest.framework */,
			);
			name = Frameworks;
			sourceTree = "<group>";
		};
		B60E7032197B77AC00276D68 /* EventCount */ = {
			isa = PBXGroup;
			children = (
				B60E703B197B77AC00276D68 /* AppDelegate.h */,
				B60E703C197B77AC00276D68 /* AppDelegate.m */,
				B60E703E197B77AC00276D68 /* Main.storyboard */,
				B60E7067197B78A200276D68 /* AddViewController.h */,
				B60E7068197B78A200276D68 /* AddViewController.m */,
				B60E7041197B77AC00276D68 /* MasterViewController.h */,
				B60E7042197B77AC00276D68 /* MasterViewController.m */,
				B60E7044197B77AC00276D68 /* DetailViewController.h */,
				B60E7045197B77AC00276D68 /* DetailViewController.m */,
				B60E706D197B796C00276D68 /* EditDateViewController.h */,
				B60E706E197B796C00276D68 /* EditDateViewController.m */,
				B60E7047197B77AC00276D68 /* Images.xcassets */,
				B60E7033197B77AC00276D68 /* Supporting Files */,
			);
			path = EventCount;
			sourceTree = "<group>";
		};
		B60E7033197B77AC00276D68 /* Supporting Files */ = {
			isa = PBXGroup;
			children = (
				B60E7034197B77AC00276D68 /* EventCount-Info.plist */,
				B60E7035197B77AC00276D68 /* InfoPlist.strings */,
				B60E7038197B77AC00276D68 /* main.m */,
				B60E703A197B77AC00276D68 /* EventCount-Prefix.pch */,
			);
			name = "Supporting Files";
			sourceTree = "<group>";
		};
		B60E7054197B77AC00276D68 /* EventCountTests */ = {
			isa = PBXGroup;
			children = (
				B60E705A197B77AC00276D68 /* EventCountTests.m */,
				B60E7055197B77AC00276D68 /* Supporting Files */,
			);
			path = EventCountTests;
			sourceTree = "<group>";
		};
		B60E7055197B77AC00276D68 /* Supporting Files */ = {
			isa = PBXGroup;
			children = (
				B60E7056197B77AC00276D68 /* EventCountTests-Info.plist */,
				B60E7057197B77AC00276D68 /* InfoPlist.strings */,
			);
			name = "Supporting Files";
			sourceTree = "<group>";
		};
/* End PBXGroup section */

/* Begin PBXNativeTarget section */
		B60E7028197B77AC00276D68 /* EventCount */ = {
			isa = PBXNativeTarget;
			buildConfigurationList = B60E705E197B77AC00276D68 /* Build configuration list for PBXNativeTarget "EventCount" */;
			buildPhases = (
				B60E7025197B77AC00276D68 /* Sources */,
				B60E7026197B77AC00276D68 /* Frameworks */,
				B60E7027197B77AC00276D68 /* Resources */,
			);
			buildRules = (
			);
			dependencies = (
			);
			name = EventCount;
			productName = EventCount;
			productReference = B60E7029197B77AC00276D68 /* EventCount.app */;
			productType = "com.apple.product-type.application";
		};
		B60E704C197B77AC00276D68 /* EventCountTests */ = {
			isa = PBXNativeTarget;
			buildConfigurationList = B60E7061197B77AC00276D68 /* Build configuration list for PBXNativeTarget "EventCountTests" */;
			buildPhases = (
				B60E7049197B77AC00276D68 /* Sources */,
				B60E704A197B77AC00276D68 /* Frameworks */,
				B60E704B197B77AC00276D68 /* Resources */,
			);
			buildRules = (
			);
			dependencies = (
				B60E7053197B77AC00276D68 /* PBXTargetDependency */,
			);
			name = EventCountTests;
			productName = EventCountTests;
			productReference = B60E704D197B77AC00276D68 /* EventCountTests.xctest */;
			productType = "com.apple.product-type.bundle.unit-test";
		};
/* End PBXNativeTarget section */

/* Begin PBXProject section */
		B60E7021197B77AC00276D68 /* Project object */ = {
			isa = PBXProject;
			attributes = {
				LastUpgradeCheck = 0510;
				ORGANIZATIONNAME = "Kelvin Leong";
				TargetAttributes = {
					B60E704C197B77AC00276D68 = {
						TestTargetID = B60E7028197B77AC00276D68;
					};
				};
			};
			buildConfigurationList = B60E7024197B77AC00276D68 /* Build configuration list for PBXProject "EventCount" */;
			compatibilityVersion = "Xcode 3.2";
			developmentRegion = English;
			hasScannedForEncodings = 0;
			knownRegions = (
				en,
				Base,
			);
			mainGroup = B60E7020197B77AC00276D68;
			productRefGroup = B60E702A197B77AC00276D68 /* Products */;
			projectDirPath = "";
			projectRoot = "";
			targets = (
				B60E7028197B77AC00276D68 /* EventCount */,
				B60E704C197B77AC00276D68 /* EventCountTests */,
			);
		};
/* End PBXProject section */

/* Begin PBXResourcesBuildPhase section */
		B60E7027197B77AC00276D68 /* Resources */ = {
			isa = PBXResourcesBuildPhase;
			buildActionMask = 2147483647;
			files = (
				B60E7048197B77AC00276D68 /* Images.xcassets in Resources */,
				B60E7037197B77AC00276D68 /* InfoPlist.strings in Resources */,
				B60E7040197B77AC00276D68 /* Main.storyboard in Resources */,
			);
			runOnlyForDeploymentPostprocessing = 0;
		};
		B60E704B197B77AC00276D68 /* Resources */ = {
			isa = PBXResourcesBuildPhase;
			buildActionMask = 2147483647;
			files = (
				B60E7059197B77AC00276D68 /* InfoPlist.strings in Resources */,
			);
			runOnlyForDeploymentPostprocessing = 0;
		};
/* End PBXResourcesBuildPhase section */

/* Begin PBXSourcesBuildPhase section */
		B60E7025197B77AC00276D68 /* Sources */ = {
			isa = PBXSourcesBuildPhase;
			buildActionMask = 2147483647;
			files = (
				B60E7066197B77C400276D68 /* Mark.m in Sources */,
				B60E703D197B77AC00276D68 /* AppDelegate.m in Sources */,
				B60E706C197B78B600276D68 /* MarkStore.m in Sources */,
				B60E7069197B78A200276D68 /* AddViewController.m in Sources */,
				B60E7043197B77AC00276D68 /* MasterViewController.m in Sources */,
				B60E7039197B77AC00276D68 /* main.m in Sources */,
				B60E706F197B796C00276D68 /* EditDateViewController.m in Sources */,
				B60E7046197B77AC00276D68 /* DetailViewController.m in Sources */,
			);
			runOnlyForDeploymentPostprocessing = 0;
		};
		B60E7049197B77AC00276D68 /* Sources */ = {
			isa = PBXSourcesBuildPhase;
			buildActionMask = 2147483647;
			files = (
				B60E705B197B77AC00276D68 /* EventCountTests.m in Sources */,
			);
			runOnlyForDeploymentPostprocessing = 0;
		};
/* End PBXSourcesBuildPhase section */

/* Begin PBXTargetDependency section */
		B60E7053197B77AC00276D68 /* PBXTargetDependency */ = {
			isa = PBXTargetDependency;
			target = B60E7028197B77AC00276D68 /* EventCount */;
			targetProxy = B60E7052197B77AC00276D68 /* PBXContainerItemProxy */;
		};
/* End PBXTargetDependency section */

/* Begin PBXVariantGroup section */
		B60E7035197B77AC00276D68 /* InfoPlist.strings */ = {
			isa = PBXVariantGroup;
			children = (
				B60E7036197B77AC00276D68 /* en */,
			);
			name = InfoPlist.strings;
			sourceTree = "<group>";
		};
		B60E703E197B77AC00276D68 /* Main.storyboard */ = {
			isa = PBXVariantGroup;
			children = (
				B60E703F197B77AC00276D68 /* Base */,
			);
			name = Main.storyboard;
			sourceTree = "<group>";
		};
		B60E7057197B77AC00276D68 /* InfoPlist.strings */ = {
			isa = PBXVariantGroup;
			children = (
				B60E7058197B77AC00276D68 /* en */,
			);
			name = InfoPlist.strings;
			sourceTree = "<group>";
		};
/* End PBXVariantGroup section */

/* Begin XCBuildConfiguration section */
		B60E705C197B77AC00276D68 /* Debug */ = {
			isa = XCBuildConfiguration;
			buildSettings = {
				ALWAYS_SEARCH_USER_PATHS = NO;
				CLANG_CXX_LANGUAGE_STANDARD = "gnu++0x";
				CLANG_CXX_LIBRARY = "libc++";
				CLANG_ENABLE_MODULES = YES;
				CLANG_ENABLE_OBJC_ARC = YES;
				CLANG_WARN_BOOL_CONVERSION = YES;
				CLANG_WARN_CONSTANT_CONVERSION = YES;
				CLANG_WARN_DIRECT_OBJC_ISA_USAGE = YES_ERROR;
				CLANG_WARN_EMPTY_BODY = YES;
				CLANG_WARN_ENUM_CONVERSION = YES;
				CLANG_WARN_INT_CONVERSION = YES;
				CLANG_WARN_OBJC_ROOT_CLASS = YES_ERROR;
				CLANG_WARN__DUPLICATE_METHOD_MATCH = YES;
				"CODE_SIGN_IDENTITY[sdk=iphoneos*]" = "iPhone Developer";
				COPY_PHASE_STRIP = NO;
				GCC_C_LANGUAGE_STANDARD = gnu99;
				GCC_DYNAMIC_NO_PIC = NO;
				GCC_OPTIMIZATION_LEVEL = 0;
				GCC_PREPROCESSOR_DEFINITIONS = (
					"DEBUG=1",
					"$(inherited)",
				);
				GCC_SYMBOLS_PRIVATE_EXTERN = NO;
				GCC_WARN_64_TO_32_BIT_CONVERSION = YES;
				GCC_WARN_ABOUT_RETURN_TYPE = YES_ERROR;
				GCC_WARN_UNDECLARED_SELECTOR = YES;
				GCC_WARN_UNINITIALIZED_AUTOS = YES_AGGRESSIVE;
				GCC_WARN_UNUSED_FUNCTION = YES;
				GCC_WARN_UNUSED_VARIABLE = YES;
				IPHONEOS_DEPLOYMENT_TARGET = 7.1;
				ONLY_ACTIVE_ARCH = YES;
				SDKROOT = iphoneos;
			};
			name = Debug;
		};
		B60E705D197B77AC00276D68 /* Release */ = {
			isa = XCBuildConfiguration;
			buildSettings = {
				ALWAYS_SEARCH_USER_PATHS = NO;
				CLANG_CXX_LANGUAGE_STANDARD = "gnu++0x";
				CLANG_CXX_LIBRARY = "libc++";
				CLANG_ENABLE_MODULES = YES;
				CLANG_ENABLE_OBJC_ARC = YES;
				CLANG_WARN_BOOL_CONVERSION = YES;
				CLANG_WARN_CONSTANT_CONVERSION = YES;
				CLANG_WARN_DIRECT_OBJC_ISA_USAGE = YES_ERROR;
				CLANG_WARN_EMPTY_BODY = YES;
				CLANG_WARN_ENUM_CONVERSION = YES;
				CLANG_WARN_INT_CONVERSION = YES;
				CLANG_WARN_OBJC_ROOT_CLASS = YES_ERROR;
				CLANG_WARN__DUPLICATE_METHOD_MATCH = YES;
				"CODE_SIGN_IDENTITY[sdk=iphoneos*]" = "iPhone Developer";
				COPY_PHASE_STRIP = YES;
				ENABLE_NS_ASSERTIONS = NO;
				GCC_C_LANGUAGE_STANDARD = gnu99;
				GCC_WARN_64_TO_32_BIT_CONVERSION = YES;
				GCC_WARN_ABOUT_RETURN_TYPE = YES_ERROR;
				GCC_WARN_UNDECLARED_SELECTOR = YES;
				GCC_WARN_UNINITIALIZED_AUTOS = YES_AGGRESSIVE;
				GCC_WARN_UNUSED_FUNCTION = YES;
				GCC_WARN_UNUSED_VARIABLE = YES;
				IPHONEOS_DEPLOYMENT_TARGET = 7.1;
				SDKROOT = iphoneos;
				VALIDATE_PRODUCT = YES;
			};
			name = Release;
		};
		B60E705F197B77AC00276D68 /* Debug */ = {
			isa = XCBuildConfiguration;
			buildSettings = {
				ASSETCATALOG_COMPILER_APPICON_NAME = AppIcon;
				ASSETCATALOG_COMPILER_LAUNCHIMAGE_NAME = LaunchImage;
				GCC_PRECOMPILE_PREFIX_HEADER = YES;
				GCC_PREFIX_HEADER = "EventCount/EventCount-Prefix.pch";
				INFOPLIST_FILE = "EventCount/EventCount-Info.plist";
				PRODUCT_NAME = "$(TARGET_NAME)";
				WRAPPER_EXTENSION = app;
			};
			name = Debug;
		};
		B60E7060197B77AC00276D68 /* Release */ = {
			isa = XCBuildConfiguration;
			buildSettings = {
				ASSETCATALOG_COMPILER_APPICON_NAME = AppIcon;
				ASSETCATALOG_COMPILER_LAUNCHIMAGE_NAME = LaunchImage;
				GCC_PRECOMPILE_PREFIX_HEADER = YES;
				GCC_PREFIX_HEADER = "EventCount/EventCount-Prefix.pch";
				INFOPLIST_FILE = "EventCount/EventCount-Info.plist";
				PRODUCT_NAME = "$(TARGET_NAME)";
				WRAPPER_EXTENSION = app;
			};
			name = Release;
		};
		B60E7062197B77AC00276D68 /* Debug */ = {
			isa = XCBuildConfiguration;
			buildSettings = {
				BUNDLE_LOADER = "$(BUILT_PRODUCTS_DIR)/EventCount.app/EventCount";
				FRAMEWORK_SEARCH_PATHS = (
					"$(SDKROOT)/Developer/Library/Frameworks",
					"$(inherited)",
					"$(DEVELOPER_FRAMEWORKS_DIR)",
				);
				GCC_PRECOMPILE_PREFIX_HEADER = YES;
				GCC_PREFIX_HEADER = "EventCount/EventCount-Prefix.pch";
				GCC_PREPROCESSOR_DEFINITIONS = (
					"DEBUG=1",
					"$(inherited)",
				);
				INFOPLIST_FILE = "EventCountTests/EventCountTests-Info.plist";
				PRODUCT_NAME = "$(TARGET_NAME)";
				TEST_HOST = "$(BUNDLE_LOADER)";
				WRAPPER_EXTENSION = xctest;
			};
			name = Debug;
		};
		B60E7063197B77AC00276D68 /* Release */ = {
			isa = XCBuildConfiguration;
			buildSettings = {
				BUNDLE_LOADER = "$(BUILT_PRODUCTS_DIR)/EventCount.app/EventCount";
				FRAMEWORK_SEARCH_PATHS = (
					"$(SDKROOT)/Developer/Library/Frameworks",
					"$(inherited)",
					"$(DEVELOPER_FRAMEWORKS_DIR)",
				);
				GCC_PRECOMPILE_PREFIX_HEADER = YES;
				GCC_PREFIX_HEADER = "EventCount/EventCount-Prefix.pch";
				INFOPLIST_FILE = "EventCountTests/EventCountTests-Info.plist";
				PRODUCT_NAME = "$(TARGET_NAME)";
				TEST_HOST = "$(BUNDLE_LOADER)";
				WRAPPER_EXTENSION = xctest;
			};
			name = Release;
		};
/* End XCBuildConfiguration section */

/* Begin XCConfigurationList section */
		B60E7024197B77AC00276D68 /* Build configuration list for PBXProject "EventCount" */ = {
			isa = XCConfigurationList;
			buildConfigurations = (
				B60E705C197B77AC00276D68 /* Debug */,
				B60E705D197B77AC00276D68 /* Release */,
			);
			defaultConfigurationIsVisible = 0;
			defaultConfigurationName = Release;
		};
		B60E705E197B77AC00276D68 /* Build configuration list for PBXNativeTarget "EventCount" */ = {
			isa = XCConfigurationList;
			buildConfigurations = (
				B60E705F197B77AC00276D68 /* Debug */,
				B60E7060197B77AC00276D68 /* Release */,
			);
			defaultConfigurationIsVisible = 0;
		};
		B60E7061197B77AC00276D68 /* Build configuration list for PBXNativeTarget "EventCountTests" */ = {
			isa = XCConfigurationList;
			buildConfigurations = (
				B60E7062197B77AC00276D68 /* Debug */,
				B60E7063197B77AC00276D68 /* Release */,
			);
			defaultConfigurationIsVisible = 0;
		};
/* End XCConfigurationList section */
	};
	rootObject = B60E7021197B77AC00276D68 /* Project object */;
}
